
Microsoft Visual Studio Solution File, Format Version 12.00
# Visual Studio 14
VisualStudioVersion = 14.0.25420.1
MinimumVisualStudioVersion = 10.0.40219.1
Project("{FAE04EC0-301F-11D3-BF4B-00C04F79EFBC}") = "Restaurant.DAL", "Restaurant.DAL\Restaurant.DAL.csproj", "{34950363-3D59-40B4-8004-269CC9FC17CF}"
EndProject
Project("{FAE04EC0-301F-11D3-BF4B-00C04F79EFBC}") = "Restaurant.CORE", "Restaurant.CORE\Restaurant.CORE.csproj", "{C8569662-C395-4B7A-8829-418CD795A794}"
EndProject
Project("{FAE04EC0-301F-11D3-BF4B-00C04F79EFBC}") = "Restaurant.REPO", "Restaurant.REPO\Restaurant.REPO.csproj", "{91044605-9238-4BE4-9D47-BE1762E90C25}"
EndProject
Project("{FAE04EC0-301F-11D3-BF4B-00C04F79EFBC}") = "Restaurant.BLL", "Restaurant.BLL\Restaurant.BLL.csproj", "{21A427D3-AC6C-46E8-BCE6-4074FB6D2B38}"
EndProject
Project("{FAE04EC0-301F-11D3-BF4B-00C04F79EFBC}") = "Restaurant.MVC", "Restaurant.MVC\Restaurant.MVC.csproj", "{AC500927-5DFD-4DD7-A281-02958ABF3B3A}"
EndProject
Global
	GlobalSection(SolutionConfigurationPlatforms) = preSolution
		Debug|Any CPU = Debug|Any CPU
		Release|Any CPU = Release|Any CPU
	EndGlobalSection
	GlobalSection(ProjectConfigurationPlatforms) = postSolution
		{34950363-3D59-40B4-8004-269CC9FC17CF}.Debug|Any CPU.ActiveCfg = Debug|Any CPU
		{34950363-3D59-40B4-8004-269CC9FC17CF}.Debug|Any CPU.Build.0 = Debug|Any CPU
		{34950363-3D59-40B4-8004-269CC9FC17CF}.Release|Any CPU.ActiveCfg = Release|Any CPU
		{34950363-3D59-40B4-8004-269CC9FC17CF}.Release|Any CPU.Build.0 = Release|Any CPU
		{C8569662-C395-4B7A-8829-418CD795A794}.Debug|Any CPU.ActiveCfg = Debug|Any CPU
		{C8569662-C395-4B7A-8829-418CD795A794}.Debug|Any CPU.Build.0 = Debug|Any CPU
		{C8569662-C395-4B7A-8829-418CD795A794}.Release|Any CPU.ActiveCfg = Release|Any CPU
		{C8569662-C395-4B7A-8829-418CD795A794}.Release|Any CPU.Build.0 = Release|Any CPU
		{91044605-9238-4BE4-9D47-BE1762E90C25}.Debug|Any CPU.ActiveCfg = Debug|Any CPU
		{91044605-9238-4BE4-9D47-BE1762E90C25}.Debug|Any CPU.Build.0 = Debug|Any CPU
		{91044605-9238-4BE4-9D47-BE1762E90C25}.Release|Any CPU.ActiveCfg = Release|Any CPU
		{91044605-9238-4BE4-9D47-BE1762E90C25}.Release|Any CPU.Build.0 = Release|Any CPU
		{21A427D3-AC6C-46E8-BCE6-4074FB6D2B38}.Debug|Any CPU.ActiveCfg = Debug|Any CPU
		{21A427D3-AC6C-46E8-BCE6-4074FB6D2B38}.Debug|Any CPU.Build.0 = Debug|Any CPU
		{21A427D3-AC6C-46E8-BCE6-4074FB6D2B38}.Release|Any CPU.ActiveCfg = Release|Any CPU
		{21A427D3-AC6C-46E8-BCE6-4074FB6D2B38}.Release|Any CPU.Build.0 = Release|Any CPU
		{AC500927-5DFD-4DD7-A281-02958ABF3B3A}.Debug|Any CPU.ActiveCfg = Debug|Any CPU
		{AC500927-5DFD-4DD7-A281-02958ABF3B3A}.Debug|Any CPU.Build.0 = Debug|Any CPU
		{AC500927-5DFD-4DD7-A281-02958ABF3B3A}.Release|Any CPU.ActiveCfg = Release|Any CPU
		{AC500927-5DFD-4DD7-A281-02958ABF3B3A}.Release|Any CPU.Build.0 = Release|Any CPU
	EndGlobalSection
	GlobalSection(SolutionProperties) = preSolution
		HideSolutionNode = FALSE
	EndGlobalSection
EndGlobal
